{
  "nodes": {
    "home-manager": {
      "inputs": {
        "nixpkgs": [
          "nixpkgs"
        ]
      },
      "locked": {
        "lastModified": 1605635123,
        "narHash": "sha256-8bROJh1fshk+TaFcIfU9enDcN6/1+uiOKgBgk6rSJMk=",
        "owner": "rycee",
        "repo": "home-manager",
        "rev": "7b6ebf2785cfc9dd6fc2b101cbbb2152eb68d45c",
        "type": "github"
      },
      "original": {
        "owner": "rycee",
        "ref": "master",
        "repo": "home-manager",
        "type": "github"
      }
    },
    "nixpkgs": {
      "locked": {
        "lastModified": 1604937552,
        "narHash": "sha256-jT1VSLaUtZwx1JXOwEqzf+G6OIVcg9gJd+h0DqRGJvs=",
        "owner": "NixOS",
        "repo": "nixpkgs",
        "rev": "b839d4a8557adc80e522f674529e586ab2a88d23",
        "type": "github"
      },
      "original": {
        "owner": "NixOS",
        "ref": "nixos-unstable",
        "repo": "nixpkgs",
        "type": "github"
      }
    },
    "root": {
      "inputs": {
        "home-manager": "home-manager",
        "nixpkgs": "nixpkgs"
      }
    }
  },
  "root": "root",
  "version": 7
}
